
Microsoft Visual Studio Solution File, Format Version 12.00
# Visual Studio Version 17
VisualStudioVersion = 17.0.31903.59
MinimumVisualStudioVersion = 10.0.40219.1
Project("{2150E333-8FDC-42A3-9474-1A3956D46DE8}") = "Cs", "Cs", "{6CEEE1D7-EA73-4821-B79B-A2B149BE83FE}"
EndProject
Project("{FAE04EC0-301F-11D3-BF4B-00C04F79EFBC}") = "MexicanWave", "Cs\MexicanWave\MexicanWave.csproj", "{8994FD57-65E0-4BEB-AF7F-276152E212C5}"
EndProject
Global
	GlobalSection(SolutionConfigurationPlatforms) = preSolution
		Debug|Any CPU = Debug|Any CPU
		Release|Any CPU = Release|Any CPU
	EndGlobalSection
	GlobalSection(SolutionProperties) = preSolution
		HideSolutionNode = FALSE
	EndGlobalSection
	GlobalSection(ProjectConfigurationPlatforms) = postSolution
		{8994FD57-65E0-4BEB-AF7F-276152E212C5}.Debug|Any CPU.ActiveCfg = Debug|Any CPU
		{8994FD57-65E0-4BEB-AF7F-276152E212C5}.Debug|Any CPU.Build.0 = Debug|Any CPU
		{8994FD57-65E0-4BEB-AF7F-276152E212C5}.Release|Any CPU.ActiveCfg = Release|Any CPU
		{8994FD57-65E0-4BEB-AF7F-276152E212C5}.Release|Any CPU.Build.0 = Release|Any CPU
	EndGlobalSection
	GlobalSection(NestedProjects) = preSolution
		{8994FD57-65E0-4BEB-AF7F-276152E212C5} = {6CEEE1D7-EA73-4821-B79B-A2B149BE83FE}
	EndGlobalSection
EndGlobal
